<?xml version="1.0" encoding="utf-8"?>
<Project ToolsVersion="4.0" xmlns="http://schemas.microsoft.com/developer/msbuild/2003">
  <ItemGroup>
    <Filter Include="Source Files">
      <UniqueIdentifier>{4FC737F1-C7A5-4376-A066-2A32D752A2FF}</UniqueIdentifier>
      <Extensions>cpp;c;cc;cxx;c++;cppm;ixx;def;odl;idl;hpj;bat;asm;asmx</Extensions>
    </Filter>
    <Filter Include="Header Files">
      <UniqueIdentifier>{93995380-89BD-4b04-88EB-625FBE52EBFB}</UniqueIdentifier>
      <Extensions>h;hh;hpp;hxx;h++;hm;inl;inc;ipp;xsd</Extensions>
    </Filter>
    <Filter Include="Resource Files">
      <UniqueIdentifier>{67DA6AB6-F800-4c08-8B7A-83BB121AAD01}</UniqueIdentifier>
      <Extensions>rc;ico;cur;bmp;dlg;rc2;rct;bin;rgs;gif;jpg;jpeg;jpe;resx;tiff;tif;png;wav;mfcribbon-ms</Extensions>
    </Filter>
  </ItemGroup>
  <ItemGroup>
    <ClInclude Include="framework.h">
      <Filter>Header Files</Filter>
    </ClInclude>
    <ClInclude Include="pch.h">
      <Filter>Header Files</Filter>
    </ClInclude>
    <ClInclude Include="include\directx\d3d12.h">
      <Filter>Header Files</Filter>
    </ClInclude>
    <ClInclude Include="include\directx\d3d12compatibility.h">
      <Filter>Header Files</Filter>
    </ClInclude>
    <ClInclude Include="include\directx\d3d12sdklayers.h">
      <Filter>Header Files</Filter>
    </ClInclude>
    <ClInclude Include="include\directx\d3d12shader.h">
      <Filter>Header Files</Filter>
    </ClInclude>
    <ClInclude Include="include\directx\D3D12TokenizedProgramFormat.hpp">
      <Filter>Header Files</Filter>
    </ClInclude>
    <ClInclude Include="include\directx\d3d12video.h">
      <Filter>Header Files</Filter>
    </ClInclude>
    <ClInclude Include="include\directx\d3dcommon.h">
      <Filter>Header Files</Filter>
    </ClInclude>
    <ClInclude Include="include\directx\d3dx12.h">
      <Filter>Header Files</Filter>
    </ClInclude>
    <ClInclude Include="include\directx\d3dx12_barriers.h">
      <Filter>Header Files</Filter>
    </ClInclude>
    <ClInclude Include="include\directx\d3dx12_check_feature_support.h">
      <Filter>Header Files</Filter>
    </ClInclude>
    <ClInclude Include="include\directx\d3dx12_core.h">
      <Filter>Header Files</Filter>
    </ClInclude>
    <ClInclude Include="include\directx\d3dx12_default.h">
      <Filter>Header Files</Filter>
    </ClInclude>
    <ClInclude Include="include\directx\d3dx12_pipeline_state_stream.h">
      <Filter>Header Files</Filter>
    </ClInclude>
    <ClInclude Include="include\directx\d3dx12_property_format_table.h">
      <Filter>Header Files</Filter>
    </ClInclude>
    <ClInclude Include="include\directx\d3dx12_render_pass.h">
      <Filter>Header Files</Filter>
    </ClInclude>
    <ClInclude Include="include\directx\d3dx12_resource_helpers.h">
      <Filter>Header Files</Filter>
    </ClInclude>
    <ClInclude Include="include\directx\d3dx12_root_signature.h">
      <Filter>Header Files</Filter>
    </ClInclude>
    <ClInclude Include="include\directx\d3dx12_state_object.h">
      <Filter>Header Files</Filter>
    </ClInclude>
    <ClInclude Include="include\directx\dxcore.h">
      <Filter>Header Files</Filter>
    </ClInclude>
    <ClInclude Include="include\directx\dxcore_interface.h">
      <Filter>Header Files</Filter>
    </ClInclude>
    <ClInclude Include="include\directx\dxgicommon.h">
      <Filter>Header Files</Filter>
    </ClInclude>
    <ClInclude Include="include\directx\dxgiformat.h">
      <Filter>Header Files</Filter>
    </ClInclude>
    <ClInclude Include="dllmain.h">
      <Filter>Header Files</Filter>
    </ClInclude>
    <ClInclude Include="WrappedD3D12Device.h">
      <Filter>Header Files</Filter>
    </ClInclude>
  </ItemGroup>
  <ItemGroup>
    <ClCompile Include="dllmain.cpp">
      <Filter>Source Files</Filter>
    </ClCompile>
    <ClCompile Include="pch.cpp">
      <Filter>Source Files</Filter>
    </ClCompile>
    <ClCompile Include="WrappedD3D12Device.cpp">
      <Filter>Source Files</Filter>
    </ClCompile>
  </ItemGroup>
  <ItemGroup>
    <None Include="Source.def">
      <Filter>Source Files</Filter>
    </None>
  </ItemGroup>
  <ItemGroup>
    <MASM Include="dllmainasm.asm">
      <Filter>Source Files</Filter>
    </MASM>
  </ItemGroup>
</Project>